
Microsoft Visual Studio Solution File, Format Version 12.00
# Visual Studio 14
VisualStudioVersion = 14.0.25420.1
MinimumVisualStudioVersion = 10.0.40219.1
Project("{FAE04EC0-301F-11D3-BF4B-00C04F79EFBC}") = "first", "first\first.csproj", "{BEB79FC8-F8FD-428E-9439-8E124C7B2245}"
EndProject
Project("{FAE04EC0-301F-11D3-BF4B-00C04F79EFBC}") = "falseSharing", "falseSharing\falseSharing.csproj", "{C5D159F8-CA5D-4A72-9E77-524F90C10119}"
EndProject
Project("{FAE04EC0-301F-11D3-BF4B-00C04F79EFBC}") = "threadStart", "threadStart\threadStart.csproj", "{8A3AFEC4-B649-4C8F-B85E-1CFD8DAF9B4A}"
EndProject
Global
	GlobalSection(SolutionConfigurationPlatforms) = preSolution
		Debug|Any CPU = Debug|Any CPU
		Release|Any CPU = Release|Any CPU
	EndGlobalSection
	GlobalSection(ProjectConfigurationPlatforms) = postSolution
		{BEB79FC8-F8FD-428E-9439-8E124C7B2245}.Debug|Any CPU.ActiveCfg = Debug|Any CPU
		{BEB79FC8-F8FD-428E-9439-8E124C7B2245}.Debug|Any CPU.Build.0 = Debug|Any CPU
		{BEB79FC8-F8FD-428E-9439-8E124C7B2245}.Release|Any CPU.ActiveCfg = Release|Any CPU
		{BEB79FC8-F8FD-428E-9439-8E124C7B2245}.Release|Any CPU.Build.0 = Release|Any CPU
		{C5D159F8-CA5D-4A72-9E77-524F90C10119}.Debug|Any CPU.ActiveCfg = Debug|Any CPU
		{C5D159F8-CA5D-4A72-9E77-524F90C10119}.Debug|Any CPU.Build.0 = Debug|Any CPU
		{C5D159F8-CA5D-4A72-9E77-524F90C10119}.Release|Any CPU.ActiveCfg = Release|Any CPU
		{C5D159F8-CA5D-4A72-9E77-524F90C10119}.Release|Any CPU.Build.0 = Release|Any CPU
		{8A3AFEC4-B649-4C8F-B85E-1CFD8DAF9B4A}.Debug|Any CPU.ActiveCfg = Debug|Any CPU
		{8A3AFEC4-B649-4C8F-B85E-1CFD8DAF9B4A}.Debug|Any CPU.Build.0 = Debug|Any CPU
		{8A3AFEC4-B649-4C8F-B85E-1CFD8DAF9B4A}.Release|Any CPU.ActiveCfg = Release|Any CPU
		{8A3AFEC4-B649-4C8F-B85E-1CFD8DAF9B4A}.Release|Any CPU.Build.0 = Release|Any CPU
	EndGlobalSection
	GlobalSection(SolutionProperties) = preSolution
		HideSolutionNode = FALSE
	EndGlobalSection
EndGlobal
